{
  "name": "mern-memories",
  "lockfileVersion": 3,
  "requires": true,
  "packages": {
    "": {
      "devDependencies": {
        "eslint-config-react": "^1.1.7"
      }
    },
    "node_modules/eslint-config-react": {
      "version": "1.1.7",
      "resolved": "https://registry.npmjs.org/eslint-config-react/-/eslint-config-react-1.1.7.tgz",
      "integrity": "sha512-P4Z6u68wf0BvIvZNu+U8uQsk3DcZ1CcCI1XpUkJlG6vOa+iVcSQLgE01f2DB2kXlKRcT8/3dsH+wveLgvEgbkQ==",
      "dev": true
    }
  }
}
